// !$*UTF8*$!
{
	archiveVersion = 1;
	classes = {
	};
	objectVersion = 48;
	objects = {

/* Begin PBXBuildFile section */
		A0A2AA5B2014A93A003DC881 /* AppDelegate.swift in Sources */ = {isa = PBXBuildFile; fileRef = A0A2AA5A2014A93A003DC881 /* AppDelegate.swift */; };
		A0A2AA5D2014A93A003DC881 /* ViewController.swift in Sources */ = {isa = PBXBuildFile; fileRef = A0A2AA5C2014A93A003DC881 /* ViewController.swift */; };
		A0A2AA602014A93A003DC881 /* Main.storyboard in Resources */ = {isa = PBXBuildFile; fileRef = A0A2AA5E2014A93A003DC881 /* Main.storyboard */; };
		A0A2AA632014A93A003DC881 /* MyBrowserApp.xcdatamodeld in Sources */ = {isa = PBXBuildFile; fileRef = A0A2AA612014A93A003DC881 /* MyBrowserApp.xcdatamodeld */; };
		A0A2AA652014A93A003DC881 /* Assets.xcassets in Resources */ = {isa = PBXBuildFile; fileRef = A0A2AA642014A93A003DC881 /* Assets.xcassets */; };
		A0A2AA682014A93A003DC881 /* LaunchScreen.storyboard in Resources */ = {isa = PBXBuildFile; fileRef = A0A2AA662014A93A003DC881 /* LaunchScreen.storyboard */; };
		A0A2AA732014A93A003DC881 /* MyBrowserAppTests.swift in Sources */ = {isa = PBXBuildFile; fileRef = A0A2AA722014A93A003DC881 /* MyBrowserAppTests.swift */; };
		A0A2AA7E2014A93A003DC881 /* MyBrowserAppUITests.swift in Sources */ = {isa = PBXBuildFile; fileRef = A0A2AA7D2014A93A003DC881 /* MyBrowserAppUITests.swift */; };
/* End PBXBuildFile section */

/* Begin PBXContainerItemProxy section */
		A0A2AA6F2014A93A003DC881 /* PBXContainerItemProxy */ = {
			isa = PBXContainerItemProxy;
			containerPortal = A0A2AA4F2014A93A003DC881 /* Project object */;
			proxyType = 1;
			remoteGlobalIDString = A0A2AA562014A93A003DC881;
			remoteInfo = MyBrowserApp;
		};
		A0A2AA7A2014A93A003DC881 /* PBXContainerItemProxy */ = {
			isa = PBXContainerItemProxy;
			containerPortal = A0A2AA4F2014A93A003DC881 /* Project object */;
			proxyType = 1;
			remoteGlobalIDString = A0A2AA562014A93A003DC881;
			remoteInfo = MyBrowserApp;
		};
/* End PBXContainerItemProxy section */

/* Begin PBXFileReference section */
		A0A2AA572014A93A003DC881 /* MyBrowserApp.app */ = {isa = PBXFileReference; explicitFileType = wrapper.application; includeInIndex = 0; path = MyBrowserApp.app; sourceTree = BUILT_PRODUCTS_DIR; };
		A0A2AA5A2014A93A003DC881 /* AppDelegate.swift */ = {isa = PBXFileReference; lastKnownFileType = sourcecode.swift; path = AppDelegate.swift; sourceTree = "<group>"; };
		A0A2AA5C2014A93A003DC881 /* ViewController.swift */ = {isa = PBXFileReference; lastKnownFileType = sourcecode.swift; path = ViewController.swift; sourceTree = "<group>"; };
		A0A2AA5F2014A93A003DC881 /* Base */ = {isa = PBXFileReference; lastKnownFileType = file.storyboard; name = Base; path = Base.lproj/Main.storyboard; sourceTree = "<group>"; };
		A0A2AA622014A93A003DC881 /* MyBrowserApp.xcdatamodel */ = {isa = PBXFileReference; lastKnownFileType = wrapper.xcdatamodel; path = MyBrowserApp.xcdatamodel; sourceTree = "<group>"; };
		A0A2AA642014A93A003DC881 /* Assets.xcassets */ = {isa = PBXFileReference; lastKnownFileType = folder.assetcatalog; path = Assets.xcassets; sourceTree = "<group>"; };
		A0A2AA672014A93A003DC881 /* Base */ = {isa = PBXFileReference; lastKnownFileType = file.storyboard; name = Base; path = Base.lproj/LaunchScreen.storyboard; sourceTree = "<group>"; };
		A0A2AA692014A93A003DC881 /* Info.plist */ = {isa = PBXFileReference; lastKnownFileType = text.plist.xml; path = Info.plist; sourceTree = "<group>"; };
		A0A2AA6E2014A93A003DC881 /* MyBrowserAppTests.xctest */ = {isa = PBXFileReference; explicitFileType = wrapper.cfbundle; includeInIndex = 0; path = MyBrowserAppTests.xctest; sourceTree = BUILT_PRODUCTS_DIR; };
		A0A2AA722014A93A003DC881 /* MyBrowserAppTests.swift */ = {isa = PBXFileReference; lastKnownFileType = sourcecode.swift; path = MyBrowserAppTests.swift; sourceTree = "<group>"; };
		A0A2AA742014A93A003DC881 /* Info.plist */ = {isa = PBXFileReference; lastKnownFileType = text.plist.xml; path = Info.plist; sourceTree = "<group>"; };
		A0A2AA792014A93A003DC881 /* MyBrowserAppUITests.xctest */ = {isa = PBXFileReference; explicitFileType = wrapper.cfbundle; includeInIndex = 0; path = MyBrowserAppUITests.xctest; sourceTree = BUILT_PRODUCTS_DIR; };
		A0A2AA7D2014A93A003DC881 /* MyBrowserAppUITests.swift */ = {isa = PBXFileReference; lastKnownFileType = sourcecode.swift; path = MyBrowserAppUITests.swift; sourceTree = "<group>"; };
		A0A2AA7F2014A93B003DC881 /* Info.plist */ = {isa = PBXFileReference; lastKnownFileType = text.plist.xml; path = Info.plist; sourceTree = "<group>"; };
/* End PBXFileReference section */

/* Begin PBXFrameworksBuildPhase section */
		A0A2AA542014A93A003DC881 /* Frameworks */ = {
			isa = PBXFrameworksBuildPhase;
			buildActionMask = 2147483647;
			files = (
			);
			runOnlyForDeploymentPostprocessing = 0;
		};
		A0A2AA6B2014A93A003DC881 /* Frameworks */ = {
			isa = PBXFrameworksBuildPhase;
			buildActionMask = 2147483647;
			files = (
			);
			runOnlyForDeploymentPostprocessing = 0;
		};
		A0A2AA762014A93A003DC881 /* Frameworks */ = {
			isa = PBXFrameworksBuildPhase;
			buildActionMask = 2147483647;
			files = (
			);
			runOnlyForDeploymentPostprocessing = 0;
		};
/* End PBXFrameworksBuildPhase section */

/* Begin PBXGroup section */
		A0A2AA4E2014A93A003DC881 = {
			isa = PBXGroup;
			children = (
				A0A2AA592014A93A003DC881 /* MyBrowserApp */,
				A0A2AA712014A93A003DC881 /* MyBrowserAppTests */,
				A0A2AA7C2014A93A003DC881 /* MyBrowserAppUITests */,
				A0A2AA582014A93A003DC881 /* Products */,
			);
			sourceTree = "<group>";
		};
		A0A2AA582014A93A003DC881 /* Products */ = {
			isa = PBXGroup;
			children = (
				A0A2AA572014A93A003DC881 /* MyBrowserApp.app */,
				A0A2AA6E2014A93A003DC881 /* MyBrowserAppTests.xctest */,
				A0A2AA792014A93A003DC881 /* MyBrowserAppUITests.xctest */,
			);
			name = Products;
			sourceTree = "<group>";
		};
		A0A2AA592014A93A003DC881 /* MyBrowserApp */ = {
			isa = PBXGroup;
			children = (
				A0A2AA5A2014A93A003DC881 /* AppDelegate.swift */,
				A0A2AA5C2014A93A003DC881 /* ViewController.swift */,
				A0A2AA5E2014A93A003DC881 /* Main.storyboard */,
				A0A2AA642014A93A003DC881 /* Assets.xcassets */,
				A0A2AA662014A93A003DC881 /* LaunchScreen.storyboard */,
				A0A2AA692014A93A003DC881 /* Info.plist */,
				A0A2AA612014A93A003DC881 /* MyBrowserApp.xcdatamodeld */,
			);
			path = MyBrowserApp;
			sourceTree = "<group>";
		};
		A0A2AA712014A93A003DC881 /* MyBrowserAppTests */ = {
			isa = PBXGroup;
			children = (
				A0A2AA722014A93A003DC881 /* MyBrowserAppTests.swift */,
				A0A2AA742014A93A003DC881 /* Info.plist */,
			);
			path = MyBrowserAppTests;
			sourceTree = "<group>";
		};
		A0A2AA7C2014A93A003DC881 /* MyBrowserAppUITests */ = {
			isa = PBXGroup;
			children = (
				A0A2AA7D2014A93A003DC881 /* MyBrowserAppUITests.swift */,
				A0A2AA7F2014A93B003DC881 /* Info.plist */,
			);
			path = MyBrowserAppUITests;
			sourceTree = "<group>";
		};
/* End PBXGroup section */

/* Begin PBXNativeTarget section */
		A0A2AA562014A93A003DC881 /* MyBrowserApp */ = {
			isa = PBXNativeTarget;
			buildConfigurationList = A0A2AA822014A93B003DC881 /* Build configuration list for PBXNativeTarget "MyBrowserApp" */;
			buildPhases = (
				A0A2AA532014A93A003DC881 /* Sources */,
				A0A2AA542014A93A003DC881 /* Frameworks */,
				A0A2AA552014A93A003DC881 /* Resources */,
			);
			buildRules = (
			);
			dependencies = (
			);
			name = MyBrowserApp;
			productName = MyBrowserApp;
			productReference = A0A2AA572014A93A003DC881 /* MyBrowserApp.app */;
			productType = "com.apple.product-type.application";
		};
		A0A2AA6D2014A93A003DC881 /* MyBrowserAppTests */ = {
			isa = PBXNativeTarget;
			buildConfigurationList = A0A2AA852014A93B003DC881 /* Build configuration list for PBXNativeTarget "MyBrowserAppTests" */;
			buildPhases = (
				A0A2AA6A2014A93A003DC881 /* Sources */,
				A0A2AA6B2014A93A003DC881 /* Frameworks */,
				A0A2AA6C2014A93A003DC881 /* Resources */,
			);
			buildRules = (
			);
			dependencies = (
				A0A2AA702014A93A003DC881 /* PBXTargetDependency */,
			);
			name = MyBrowserAppTests;
			productName = MyBrowserAppTests;
			productReference = A0A2AA6E2014A93A003DC881 /* MyBrowserAppTests.xctest */;
			productType = "com.apple.product-type.bundle.unit-test";
		};
		A0A2AA782014A93A003DC881 /* MyBrowserAppUITests */ = {
			isa = PBXNativeTarget;
			buildConfigurationList = A0A2AA882014A93B003DC881 /* Build configuration list for PBXNativeTarget "MyBrowserAppUITests" */;
			buildPhases = (
				A0A2AA752014A93A003DC881 /* Sources */,
				A0A2AA762014A93A003DC881 /* Frameworks */,
				A0A2AA772014A93A003DC881 /* Resources */,
			);
			buildRules = (
			);
			dependencies = (
				A0A2AA7B2014A93A003DC881 /* PBXTargetDependency */,
			);
			name = MyBrowserAppUITests;
			productName = MyBrowserAppUITests;
			productReference = A0A2AA792014A93A003DC881 /* MyBrowserAppUITests.xctest */;
			productType = "com.apple.product-type.bundle.ui-testing";
		};
/* End PBXNativeTarget section */

/* Begin PBXProject section */
		A0A2AA4F2014A93A003DC881 /* Project object */ = {
			isa = PBXProject;
			attributes = {
				LastSwiftUpdateCheck = 0920;
				LastUpgradeCheck = 0920;
				ORGANIZATIONNAME = "蒲生廣人";
				TargetAttributes = {
					A0A2AA562014A93A003DC881 = {
						CreatedOnToolsVersion = 9.2;
						ProvisioningStyle = Automatic;
					};
					A0A2AA6D2014A93A003DC881 = {
						CreatedOnToolsVersion = 9.2;
						ProvisioningStyle = Automatic;
						TestTargetID = A0A2AA562014A93A003DC881;
					};
					A0A2AA782014A93A003DC881 = {
						CreatedOnToolsVersion = 9.2;
						ProvisioningStyle = Automatic;
						TestTargetID = A0A2AA562014A93A003DC881;
					};
				};
			};
			buildConfigurationList = A0A2AA522014A93A003DC881 /* Build configuration list for PBXProject "MyBrowserApp" */;
			compatibilityVersion = "Xcode 8.0";
			developmentRegion = en;
			hasScannedForEncodings = 0;
			knownRegions = (
				en,
				Base,
			);
			mainGroup = A0A2AA4E2014A93A003DC881;
			productRefGroup = A0A2AA582014A93A003DC881 /* Products */;
			projectDirPath = "";
			projectRoot = "";
			targets = (
				A0A2AA562014A93A003DC881 /* MyBrowserApp */,
				A0A2AA6D2014A93A003DC881 /* MyBrowserAppTests */,
				A0A2AA782014A93A003DC881 /* MyBrowserAppUITests */,
			);
		};
/* End PBXProject section */

/* Begin PBXResourcesBuildPhase section */
		A0A2AA552014A93A003DC881 /* Resources */ = {
			isa = PBXResourcesBuildPhase;
			buildActionMask = 2147483647;
			files = (
				A0A2AA682014A93A003DC881 /* LaunchScreen.storyboard in Resources */,
				A0A2AA652014A93A003DC881 /* Assets.xcassets in Resources */,
				A0A2AA602014A93A003DC881 /* Main.storyboard in Resources */,
			);
			runOnlyForDeploymentPostprocessing = 0;
		};
		A0A2AA6C2014A93A003DC881 /* Resources */ = {
			isa = PBXResourcesBuildPhase;
			buildActionMask = 2147483647;
			files = (
			);
			runOnlyForDeploymentPostprocessing = 0;
		};
		A0A2AA772014A93A003DC881 /* Resources */ = {
			isa = PBXResourcesBuildPhase;
			buildActionMask = 2147483647;
			files = (
			);
			runOnlyForDeploymentPostprocessing = 0;
		};
/* End PBXResourcesBuildPhase section */

/* Begin PBXSourcesBuildPhase section */
		A0A2AA532014A93A003DC881 /* Sources */ = {
			isa = PBXSourcesBuildPhase;
			buildActionMask = 2147483647;
			files = (
				A0A2AA5D2014A93A003DC881 /* ViewController.swift in Sources */,
				A0A2AA632014A93A003DC881 /* MyBrowserApp.xcdatamodeld in Sources */,
				A0A2AA5B2014A93A003DC881 /* AppDelegate.swift in Sources */,
			);
			runOnlyForDeploymentPostprocessing = 0;
		};
		A0A2AA6A2014A93A003DC881 /* Sources */ = {
			isa = PBXSourcesBuildPhase;
			buildActionMask = 2147483647;
			files = (
				A0A2AA732014A93A003DC881 /* MyBrowserAppTests.swift in Sources */,
			);
			runOnlyForDeploymentPostprocessing = 0;
		};
		A0A2AA752014A93A003DC881 /* Sources */ = {
			isa = PBXSourcesBuildPhase;
			buildActionMask = 2147483647;
			files = (
				A0A2AA7E2014A93A003DC881 /* MyBrowserAppUITests.swift in Sources */,
			);
			runOnlyForDeploymentPostprocessing = 0;
		};
/* End PBXSourcesBuildPhase section */

/* Begin PBXTargetDependency section */
		A0A2AA702014A93A003DC881 /* PBXTargetDependency */ = {
			isa = PBXTargetDependency;
			target = A0A2AA562014A93A003DC881 /* MyBrowserApp */;
			targetProxy = A0A2AA6F2014A93A003DC881 /* PBXContainerItemProxy */;
		};
		A0A2AA7B2014A93A003DC881 /* PBXTargetDependency */ = {
			isa = PBXTargetDependency;
			target = A0A2AA562014A93A003DC881 /* MyBrowserApp */;
			targetProxy = A0A2AA7A2014A93A003DC881 /* PBXContainerItemProxy */;
		};
/* End PBXTargetDependency section */

/* Begin PBXVariantGroup section */
		A0A2AA5E2014A93A003DC881 /* Main.storyboard */ = {
			isa = PBXVariantGroup;
			children = (
				A0A2AA5F2014A93A003DC881 /* Base */,
			);
			name = Main.storyboard;
			sourceTree = "<group>";
		};
		A0A2AA662014A93A003DC881 /* LaunchScreen.storyboard */ = {
			isa = PBXVariantGroup;
			children = (
				A0A2AA672014A93A003DC881 /* Base */,
			);
			name = LaunchScreen.storyboard;
			sourceTree = "<group>";
		};
/* End PBXVariantGroup section */

/* Begin XCBuildConfiguration section */
		A0A2AA802014A93B003DC881 /* Debug */ = {
			isa = XCBuildConfiguration;
			buildSettings = {
				ALWAYS_SEARCH_USER_PATHS = NO;
				CLANG_ANALYZER_NONNULL = YES;
				CLANG_ANALYZER_NUMBER_OBJECT_CONVERSION = YES_AGGRESSIVE;
				CLANG_CXX_LANGUAGE_STANDARD = "gnu++14";
				CLANG_CXX_LIBRARY = "libc++";
				CLANG_ENABLE_MODULES = YES;
				CLANG_ENABLE_OBJC_ARC = YES;
				CLANG_WARN_BLOCK_CAPTURE_AUTORELEASING = YES;
				CLANG_WARN_BOOL_CONVERSION = YES;
				CLANG_WARN_COMMA = YES;
				CLANG_WARN_CONSTANT_CONVERSION = YES;
				CLANG_WARN_DIRECT_OBJC_ISA_USAGE = YES_ERROR;
				CLANG_WARN_DOCUMENTATION_COMMENTS = YES;
				CLANG_WARN_EMPTY_BODY = YES;
				CLANG_WARN_ENUM_CONVERSION = YES;
				CLANG_WARN_INFINITE_RECURSION = YES;
				CLANG_WARN_INT_CONVERSION = YES;
				CLANG_WARN_NON_LITERAL_NULL_CONVERSION = YES;
				CLANG_WARN_OBJC_LITERAL_CONVERSION = YES;
				CLANG_WARN_OBJC_ROOT_CLASS = YES_ERROR;
				CLANG_WARN_RANGE_LOOP_ANALYSIS = YES;
				CLANG_WARN_STRICT_PROTOTYPES = YES;
				CLANG_WARN_SUSPICIOUS_MOVE = YES;
				CLANG_WARN_UNGUARDED_AVAILABILITY = YES_AGGRESSIVE;
				CLANG_WARN_UNREACHABLE_CODE = YES;
				CLANG_WARN__DUPLICATE_METHOD_MATCH = YES;
				CODE_SIGN_IDENTITY = "iPhone Developer";
				COPY_PHASE_STRIP = NO;
				DEBUG_INFORMATION_FORMAT = dwarf;
				ENABLE_STRICT_OBJC_MSGSEND = YES;
				ENABLE_TESTABILITY = YES;
				GCC_C_LANGUAGE_STANDARD = gnu11;
				GCC_DYNAMIC_NO_PIC = NO;
				GCC_NO_COMMON_BLOCKS = YES;
				GCC_OPTIMIZATION_LEVEL = 0;
				GCC_PREPROCESSOR_DEFINITIONS = (
					"DEBUG=1",
					"$(inherited)",
				);
				GCC_WARN_64_TO_32_BIT_CONVERSION = YES;
				GCC_WARN_ABOUT_RETURN_TYPE = YES_ERROR;
				GCC_WARN_UNDECLARED_SELECTOR = YES;
				GCC_WARN_UNINITIALIZED_AUTOS = YES_AGGRESSIVE;
				GCC_WARN_UNUSED_FUNCTION = YES;
				GCC_WARN_UNUSED_VARIABLE = YES;
				IPHONEOS_DEPLOYMENT_TARGET = 11.2;
				MTL_ENABLE_DEBUG_INFO = YES;
				ONLY_ACTIVE_ARCH = YES;
				SDKROOT = iphoneos;
				SWIFT_ACTIVE_COMPILATION_CONDITIONS = DEBUG;
				SWIFT_OPTIMIZATION_LEVEL = "-Onone";
			};
			name = Debug;
		};
		A0A2AA812014A93B003DC881 /* Release */ = {
			isa = XCBuildConfiguration;
			buildSettings = {
				ALWAYS_SEARCH_USER_PATHS = NO;
				CLANG_ANALYZER_NONNULL = YES;
				CLANG_ANALYZER_NUMBER_OBJECT_CONVERSION = YES_AGGRESSIVE;
				CLANG_CXX_LANGUAGE_STANDARD = "gnu++14";
				CLANG_CXX_LIBRARY = "libc++";
				CLANG_ENABLE_MODULES = YES;
				CLANG_ENABLE_OBJC_ARC = YES;
				CLANG_WARN_BLOCK_CAPTURE_AUTORELEASING = YES;
				CLANG_WARN_BOOL_CONVERSION = YES;
				CLANG_WARN_COMMA = YES;
				CLANG_WARN_CONSTANT_CONVERSION = YES;
				CLANG_WARN_DIRECT_OBJC_ISA_USAGE = YES_ERROR;
				CLANG_WARN_DOCUMENTATION_COMMENTS = YES;
				CLANG_WARN_EMPTY_BODY = YES;
				CLANG_WARN_ENUM_CONVERSION = YES;
				CLANG_WARN_INFINITE_RECURSION = YES;
				CLANG_WARN_INT_CONVERSION = YES;
				CLANG_WARN_NON_LITERAL_NULL_CONVERSION = YES;
				CLANG_WARN_OBJC_LITERAL_CONVERSION = YES;
				CLANG_WARN_OBJC_ROOT_CLASS = YES_ERROR;
				CLANG_WARN_RANGE_LOOP_ANALYSIS = YES;
				CLANG_WARN_STRICT_PROTOTYPES = YES;
				CLANG_WARN_SUSPICIOUS_MOVE = YES;
				CLANG_WARN_UNGUARDED_AVAILABILITY = YES_AGGRESSIVE;
				CLANG_WARN_UNREACHABLE_CODE = YES;
				CLANG_WARN__DUPLICATE_METHOD_MATCH = YES;
				CODE_SIGN_IDENTITY = "iPhone Developer";
				COPY_PHASE_STRIP = NO;
				DEBUG_INFORMATION_FORMAT = "dwarf-with-dsym";
				ENABLE_NS_ASSERTIONS = NO;
				ENABLE_STRICT_OBJC_MSGSEND = YES;
				GCC_C_LANGUAGE_STANDARD = gnu11;
				GCC_NO_COMMON_BLOCKS = YES;
				GCC_WARN_64_TO_32_BIT_CONVERSION = YES;
				GCC_WARN_ABOUT_RETURN_TYPE = YES_ERROR;
				GCC_WARN_UNDECLARED_SELECTOR = YES;
				GCC_WARN_UNINITIALIZED_AUTOS = YES_AGGRESSIVE;
				GCC_WARN_UNUSED_FUNCTION = YES;
				GCC_WARN_UNUSED_VARIABLE = YES;
				IPHONEOS_DEPLOYMENT_TARGET = 11.2;
				MTL_ENABLE_DEBUG_INFO = NO;
				SDKROOT = iphoneos;
				SWIFT_OPTIMIZATION_LEVEL = "-Owholemodule";
				VALIDATE_PRODUCT = YES;
			};
			name = Release;
		};
		A0A2AA832014A93B003DC881 /* Debug */ = {
			isa = XCBuildConfiguration;
			buildSettings = {
				ASSETCATALOG_COMPILER_APPICON_NAME = AppIcon;
				CODE_SIGN_STYLE = Automatic;
				INFOPLIST_FILE = MyBrowserApp/Info.plist;
				LD_RUNPATH_SEARCH_PATHS = "$(inherited) @executable_path/Frameworks";
				PRODUCT_BUNDLE_IDENTIFIER = com.test.MyBrowserApp;
				PRODUCT_NAME = "$(TARGET_NAME)";
				SWIFT_VERSION = 4.0;
				TARGETED_DEVICE_FAMILY = "1,2";
			};
			name = Debug;
		};
		A0A2AA842014A93B003DC881 /* Release */ = {
			isa = XCBuildConfiguration;
			buildSettings = {
				ASSETCATALOG_COMPILER_APPICON_NAME = AppIcon;
				CODE_SIGN_STYLE = Automatic;
				INFOPLIST_FILE = MyBrowserApp/Info.plist;
				LD_RUNPATH_SEARCH_PATHS = "$(inherited) @executable_path/Frameworks";
				PRODUCT_BUNDLE_IDENTIFIER = com.test.MyBrowserApp;
				PRODUCT_NAME = "$(TARGET_NAME)";
				SWIFT_VERSION = 4.0;
				TARGETED_DEVICE_FAMILY = "1,2";
			};
			name = Release;
		};
		A0A2AA862014A93B003DC881 /* Debug */ = {
			isa = XCBuildConfiguration;
			buildSettings = {
				ALWAYS_EMBED_SWIFT_STANDARD_LIBRARIES = YES;
				BUNDLE_LOADER = "$(TEST_HOST)";
				CODE_SIGN_STYLE = Automatic;
				INFOPLIST_FILE = MyBrowserAppTests/Info.plist;
				LD_RUNPATH_SEARCH_PATHS = "$(inherited) @executable_path/Frameworks @loader_path/Frameworks";
				PRODUCT_BUNDLE_IDENTIFIER = com.test.MyBrowserAppTests;
				PRODUCT_NAME = "$(TARGET_NAME)";
				SWIFT_VERSION = 4.0;
				TARGETED_DEVICE_FAMILY = "1,2";
				TEST_HOST = "$(BUILT_PRODUCTS_DIR)/MyBrowserApp.app/MyBrowserApp";
			};
			name = Debug;
		};
		A0A2AA872014A93B003DC881 /* Release */ = {
			isa = XCBuildConfiguration;
			buildSettings = {
				ALWAYS_EMBED_SWIFT_STANDARD_LIBRARIES = YES;
				BUNDLE_LOADER = "$(TEST_HOST)";
				CODE_SIGN_STYLE = Automatic;
				INFOPLIST_FILE = MyBrowserAppTests/Info.plist;
				LD_RUNPATH_SEARCH_PATHS = "$(inherited) @executable_path/Frameworks @loader_path/Frameworks";
				PRODUCT_BUNDLE_IDENTIFIER = com.test.MyBrowserAppTests;
				PRODUCT_NAME = "$(TARGET_NAME)";
				SWIFT_VERSION = 4.0;
				TARGETED_DEVICE_FAMILY = "1,2";
				TEST_HOST = "$(BUILT_PRODUCTS_DIR)/MyBrowserApp.app/MyBrowserApp";
			};
			name = Release;
		};
		A0A2AA892014A93B003DC881 /* Debug */ = {
			isa = XCBuildConfiguration;
			buildSettings = {
				ALWAYS_EMBED_SWIFT_STANDARD_LIBRARIES = YES;
				CODE_SIGN_STYLE = Automatic;
				INFOPLIST_FILE = MyBrowserAppUITests/Info.plist;
				LD_RUNPATH_SEARCH_PATHS = "$(inherited) @executable_path/Frameworks @loader_path/Frameworks";
				PRODUCT_BUNDLE_IDENTIFIER = com.test.MyBrowserAppUITests;
				PRODUCT_NAME = "$(TARGET_NAME)";
				SWIFT_VERSION = 4.0;
				TARGETED_DEVICE_FAMILY = "1,2";
				TEST_TARGET_NAME = MyBrowserApp;
			};
			name = Debug;
		};
		A0A2AA8A2014A93B003DC881 /* Release */ = {
			isa = XCBuildConfiguration;
			buildSettings = {
				ALWAYS_EMBED_SWIFT_STANDARD_LIBRARIES = YES;
				CODE_SIGN_STYLE = Automatic;
				INFOPLIST_FILE = MyBrowserAppUITests/Info.plist;
				LD_RUNPATH_SEARCH_PATHS = "$(inherited) @executable_path/Frameworks @loader_path/Frameworks";
				PRODUCT_BUNDLE_IDENTIFIER = com.test.MyBrowserAppUITests;
				PRODUCT_NAME = "$(TARGET_NAME)";
				SWIFT_VERSION = 4.0;
				TARGETED_DEVICE_FAMILY = "1,2";
				TEST_TARGET_NAME = MyBrowserApp;
			};
			name = Release;
		};
/* End XCBuildConfiguration section */

/* Begin XCConfigurationList section */
		A0A2AA522014A93A003DC881 /* Build configuration list for PBXProject "MyBrowserApp" */ = {
			isa = XCConfigurationList;
			buildConfigurations = (
				A0A2AA802014A93B003DC881 /* Debug */,
				A0A2AA812014A93B003DC881 /* Release */,
			);
			defaultConfigurationIsVisible = 0;
			defaultConfigurationName = Release;
		};
		A0A2AA822014A93B003DC881 /* Build configuration list for PBXNativeTarget "MyBrowserApp" */ = {
			isa = XCConfigurationList;
			buildConfigurations = (
				A0A2AA832014A93B003DC881 /* Debug */,
				A0A2AA842014A93B003DC881 /* Release */,
			);
			defaultConfigurationIsVisible = 0;
			defaultConfigurationName = Release;
		};
		A0A2AA852014A93B003DC881 /* Build configuration list for PBXNativeTarget "MyBrowserAppTests" */ = {
			isa = XCConfigurationList;
			buildConfigurations = (
				A0A2AA862014A93B003DC881 /* Debug */,
				A0A2AA872014A93B003DC881 /* Release */,
			);
			defaultConfigurationIsVisible = 0;
			defaultConfigurationName = Release;
		};
		A0A2AA882014A93B003DC881 /* Build configuration list for PBXNativeTarget "MyBrowserAppUITests" */ = {
			isa = XCConfigurationList;
			buildConfigurations = (
				A0A2AA892014A93B003DC881 /* Debug */,
				A0A2AA8A2014A93B003DC881 /* Release */,
			);
			defaultConfigurationIsVisible = 0;
			defaultConfigurationName = Release;
		};
/* End XCConfigurationList section */

/* Begin XCVersionGroup section */
		A0A2AA612014A93A003DC881 /* MyBrowserApp.xcdatamodeld */ = {
			isa = XCVersionGroup;
			children = (
				A0A2AA622014A93A003DC881 /* MyBrowserApp.xcdatamodel */,
			);
			currentVersion = A0A2AA622014A93A003DC881 /* MyBrowserApp.xcdatamodel */;
			path = MyBrowserApp.xcdatamodeld;
			sourceTree = "<group>";
			versionGroupType = wrapper.xcdatamodel;
		};
/* End XCVersionGroup section */
	};
	rootObject = A0A2AA4F2014A93A003DC881 /* Project object */;
}
